
Microsoft Visual Studio Solution File, Format Version 12.00
# Visual Studio Version 17
VisualStudioVersion = 17.7.34221.43
MinimumVisualStudioVersion = 10.0.40219.1
Project("{FAE04EC0-301F-11D3-BF4B-00C04F79EFBC}") = "DSCC.CW1.11904_MVC", "DSCC.CW1.11904_MVC\DSCC.CW1.11904_MVC.csproj", "{BD0DFFBB-C1F7-44D1-8FAE-2D074F5E3B55}"
EndProject
Global
	GlobalSection(SolutionConfigurationPlatforms) = preSolution
		Debug|Any CPU = Debug|Any CPU
		Release|Any CPU = Release|Any CPU
	EndGlobalSection
	GlobalSection(ProjectConfigurationPlatforms) = postSolution
		{BD0DFFBB-C1F7-44D1-8FAE-2D074F5E3B55}.Debug|Any CPU.ActiveCfg = Debug|Any CPU
		{BD0DFFBB-C1F7-44D1-8FAE-2D074F5E3B55}.Debug|Any CPU.Build.0 = Debug|Any CPU
		{BD0DFFBB-C1F7-44D1-8FAE-2D074F5E3B55}.Release|Any CPU.ActiveCfg = Release|Any CPU
		{BD0DFFBB-C1F7-44D1-8FAE-2D074F5E3B55}.Release|Any CPU.Build.0 = Release|Any CPU
	EndGlobalSection
	GlobalSection(SolutionProperties) = preSolution
		HideSolutionNode = FALSE
	EndGlobalSection
	GlobalSection(ExtensibilityGlobals) = postSolution
		SolutionGuid = {D0C8D2EC-7539-47B6-9BFE-DF5BE9AD6BB5}
	EndGlobalSection
EndGlobal
